{
  "pins" : [
    {
      "identity" : "compound-design-tokens",
      "kind" : "remoteSourceControl",
      "location" : "https://github.com/vector-im/compound-design-tokens.git",
      "state" : {
        "revision" : "387d2b7211f07761c67e849c59414a1bb803defa"
      }
    },
    {
      "identity" : "compound-ios",
      "kind" : "remoteSourceControl",
      "location" : "https://github.com/vector-im/compound-ios",
      "state" : {
        "revision" : "e8c097e545a06a2ef3036af33192a07c58fafd1b"
      }
    },
    {
      "identity" : "devicekit",
      "kind" : "remoteSourceControl",
      "location" : "https://github.com/devicekit/DeviceKit.git",
      "state" : {
        "revision" : "691fe8112cca20ebf0020a1709d4e0205400311c",
        "version" : "5.0.0"
      }
    },
    {
      "identity" : "dtcoretext",
      "kind" : "remoteSourceControl",
      "location" : "https://github.com/Cocoanetics/DTCoreText",
      "state" : {
        "revision" : "b664664825da565b4c2b7a17dbe2369f68ae43d9",
        "version" : "1.6.26"
      }
    },
    {
      "identity" : "dtfoundation",
      "kind" : "remoteSourceControl",
      "location" : "https://github.com/Cocoanetics/DTFoundation.git",
      "state" : {
        "revision" : "76062513434421cb6c8a1ae1d4f8368a7ebc2da3",
        "version" : "1.7.18"
      }
    },
    {
      "identity" : "element-design-tokens",
      "kind" : "remoteSourceControl",
      "location" : "https://github.com/vector-im/element-design-tokens",
      "state" : {
        "revision" : "63e40f10b336c136d6d05f7967e4565e37d3d760",
        "version" : "0.0.3"
      }
    },
    {
      "identity" : "keychainaccess",
      "kind" : "remoteSourceControl",
      "location" : "https://github.com/kishikawakatsumi/KeychainAccess",
      "state" : {
        "revision" : "3d0ea2c0806791abcc5d7f0d9f62f1cfd4a7264d",
        "version" : "4.2.0"
      }
    },
    {
      "identity" : "kingfisher",
      "kind" : "remoteSourceControl",
      "location" : "https://github.com/onevcat/Kingfisher",
      "state" : {
        "revision" : "af4be924ad984cf4d16f4ae4df424e79a443d435",
        "version" : "7.6.2"
      }
    },
    {
      "identity" : "lrucache",
      "kind" : "remoteSourceControl",
      "location" : "https://github.com/nicklockwood/LRUCache",
      "state" : {
        "revision" : "6d2b5246c9c98dcd498552bb22f08d55b12a8371",
        "version" : "1.0.4"
      }
    },
    {
      "identity" : "matrix-rust-components-swift",
      "kind" : "remoteSourceControl",
      "location" : "https://github.com/matrix-org/matrix-rust-components-swift",
      "state" : {
        "revision" : "5f3a195f6a461b4d40a8a705a3af8235711f12f5",
        "version" : "1.1.20"
      }
    },
    {
      "identity" : "prefire",
      "kind" : "remoteSourceControl",
      "location" : "https://github.com/BarredEwe/Prefire",
      "state" : {
        "revision" : "898a4a9f5d5eb0a0b07adb1a7c89daf0f068b129",
        "version" : "1.5.0"
      }
    },
    {
      "identity" : "sfsafesymbols",
      "kind" : "remoteSourceControl",
      "location" : "https://github.com/SFSafeSymbols/SFSafeSymbols.git",
      "state" : {
        "revision" : "7cca2d60925876b5953a2cf7341cd80fbeac983c",
        "version" : "4.1.1"
      }
    },
    {
      "identity" : "swift-collections",
      "kind" : "remoteSourceControl",
      "location" : "https://github.com/apple/swift-collections",
      "state" : {
        "revision" : "a902f1823a7ff3c9ab2fba0f992396b948eda307",
        "version" : "1.0.5"
      }
    },
    {
      "identity" : "swiftui-introspect",
      "kind" : "remoteSourceControl",
      "location" : "https://github.com/siteline/SwiftUI-Introspect.git",
      "state" : {
        "revision" : "121c146fe591b1320238d054ae35c81ffa45f45a",
        "version" : "0.12.0"
      }
    },
    {
      "identity" : "version",
      "kind" : "remoteSourceControl",
      "location" : "https://github.com/mxcl/Version",
      "state" : {
        "revision" : "1fe824b80d89201652e7eca7c9252269a1d85e25",
        "version" : "2.0.1"
      }
    }
  ],
  "version" : 2
}
